
Microsoft Visual Studio Solution File, Format Version 12.00
# Visual Studio Version 17
VisualStudioVersion = 17.5.002.0
MinimumVisualStudioVersion = 10.0.40219.1
Project("{9A19103F-16F7-4668-BE54-9A1E7A4F7556}") = "AiChatBot", "AiChatBot.csproj", "{F756E316-630E-42F7-9EBB-A7ED544D8E6C}"
EndProject
Global
	GlobalSection(SolutionConfigurationPlatforms) = preSolution
		Debug|Any CPU = Debug|Any CPU
		Release|Any CPU = Release|Any CPU
	EndGlobalSection
	GlobalSection(ProjectConfigurationPlatforms) = postSolution
		{F756E316-630E-42F7-9EBB-A7ED544D8E6C}.Debug|Any CPU.ActiveCfg = Debug|Any CPU
		{F756E316-630E-42F7-9EBB-A7ED544D8E6C}.Debug|Any CPU.Build.0 = Debug|Any CPU
		{F756E316-630E-42F7-9EBB-A7ED544D8E6C}.Release|Any CPU.ActiveCfg = Release|Any CPU
		{F756E316-630E-42F7-9EBB-A7ED544D8E6C}.Release|Any CPU.Build.0 = Release|Any CPU
	EndGlobalSection
	GlobalSection(SolutionProperties) = preSolution
		HideSolutionNode = FALSE
	EndGlobalSection
	GlobalSection(ExtensibilityGlobals) = postSolution
		SolutionGuid = {4CD2C7A5-98CE-42CE-95B9-AE95DD3B807A}
	EndGlobalSection
EndGlobal
